
Microsoft Visual Studio Solution File, Format Version 12.00
# Visual Studio 15
VisualStudioVersion = 15.0.27130.2010
MinimumVisualStudioVersion = 10.0.40219.1
Project("{888888A0-9F3D-457C-B088-3A5042F75D52}") = "MyNeuralClassifier", "MyNeuralNetwork\MyNeuralClassifier.pyproj", "{B26E4ACD-7769-4118-8B54-F43929AB4FB8}"
EndProject
Global
	GlobalSection(SolutionConfigurationPlatforms) = preSolution
		Debug|Any CPU = Debug|Any CPU
		Release|Any CPU = Release|Any CPU
	EndGlobalSection
	GlobalSection(ProjectConfigurationPlatforms) = postSolution
		{B26E4ACD-7769-4118-8B54-F43929AB4FB8}.Debug|Any CPU.ActiveCfg = Debug|Any CPU
		{B26E4ACD-7769-4118-8B54-F43929AB4FB8}.Release|Any CPU.ActiveCfg = Release|Any CPU
	EndGlobalSection
	GlobalSection(SolutionProperties) = preSolution
		HideSolutionNode = FALSE
	EndGlobalSection
	GlobalSection(ExtensibilityGlobals) = postSolution
		SolutionGuid = {FCA0D6EB-B39B-4C90-B357-E6A3D13BDAEA}
	EndGlobalSection
EndGlobal
